
Microsoft Visual Studio Solution File, Format Version 12.00
# Visual Studio 15
VisualStudioVersion = 15.0.28010.2048
MinimumVisualStudioVersion = 10.0.40219.1
Project("{FAE04EC0-301F-11D3-BF4B-00C04F79EFBC}") = "Poc_Firebase", "Poc_Firebase\Poc_Firebase.csproj", "{0F990ECB-44BA-40F6-B53D-844B8F6CC04B}"
EndProject
Global
	GlobalSection(SolutionConfigurationPlatforms) = preSolution
		Debug|Any CPU = Debug|Any CPU
		Release|Any CPU = Release|Any CPU
	EndGlobalSection
	GlobalSection(ProjectConfigurationPlatforms) = postSolution
		{0F990ECB-44BA-40F6-B53D-844B8F6CC04B}.Debug|Any CPU.ActiveCfg = Debug|Any CPU
		{0F990ECB-44BA-40F6-B53D-844B8F6CC04B}.Debug|Any CPU.Build.0 = Debug|Any CPU
		{0F990ECB-44BA-40F6-B53D-844B8F6CC04B}.Release|Any CPU.ActiveCfg = Release|Any CPU
		{0F990ECB-44BA-40F6-B53D-844B8F6CC04B}.Release|Any CPU.Build.0 = Release|Any CPU
	EndGlobalSection
	GlobalSection(SolutionProperties) = preSolution
		HideSolutionNode = FALSE
	EndGlobalSection
	GlobalSection(ExtensibilityGlobals) = postSolution
		SolutionGuid = {A25627FC-68B1-470E-B427-D8270B8A53A6}
	EndGlobalSection
EndGlobal
